// !$*UTF8*$!
{
	archiveVersion = 1;
	classes = {
	};
	objectVersion = 50;
	objects = {

/* Begin PBXBuildFile section */
		7F51E1C4236AF97700CDC350 /* AppDelegate.swift in Sources */ = {isa = PBXBuildFile; fileRef = 7F51E1C3236AF97700CDC350 /* AppDelegate.swift */; };
		7F51E1C6236AF97700CDC350 /* SceneDelegate.swift in Sources */ = {isa = PBXBuildFile; fileRef = 7F51E1C5236AF97700CDC350 /* SceneDelegate.swift */; };
		7F51E1C9236AF97700CDC350 /* queue.xcdatamodeld in Sources */ = {isa = PBXBuildFile; fileRef = 7F51E1C7236AF97700CDC350 /* queue.xcdatamodeld */; };
		7F51E1CD236AF97B00CDC350 /* Assets.xcassets in Resources */ = {isa = PBXBuildFile; fileRef = 7F51E1CC236AF97B00CDC350 /* Assets.xcassets */; };
		7F51E1D0236AF97B00CDC350 /* Preview Assets.xcassets in Resources */ = {isa = PBXBuildFile; fileRef = 7F51E1CF236AF97B00CDC350 /* Preview Assets.xcassets */; };
		7F51E1D3236AF97B00CDC350 /* LaunchScreen.storyboard in Resources */ = {isa = PBXBuildFile; fileRef = 7F51E1D1236AF97B00CDC350 /* LaunchScreen.storyboard */; };
		7F51E1DE236AF97B00CDC350 /* queueTests.swift in Sources */ = {isa = PBXBuildFile; fileRef = 7F51E1DD236AF97B00CDC350 /* queueTests.swift */; };
		7F51E1E9236AF97B00CDC350 /* queueUITests.swift in Sources */ = {isa = PBXBuildFile; fileRef = 7F51E1E8236AF97B00CDC350 /* queueUITests.swift */; };
		7FFC3D1D236C2644006ECD5B /* MainTabController.swift in Sources */ = {isa = PBXBuildFile; fileRef = 7FFC3D1C236C2644006ECD5B /* MainTabController.swift */; };
		7FFC3D1F236C2700006ECD5B /* QueueView.swift in Sources */ = {isa = PBXBuildFile; fileRef = 7FFC3D1E236C2700006ECD5B /* QueueView.swift */; };
		7FFC3D21236C2BF7006ECD5B /* AccountView.swift in Sources */ = {isa = PBXBuildFile; fileRef = 7FFC3D20236C2BF7006ECD5B /* AccountView.swift */; };
		7FFC3D23236C2C18006ECD5B /* BrowseView.swift in Sources */ = {isa = PBXBuildFile; fileRef = 7FFC3D22236C2C18006ECD5B /* BrowseView.swift */; };
/* End PBXBuildFile section */

/* Begin PBXContainerItemProxy section */
		7F51E1DA236AF97B00CDC350 /* PBXContainerItemProxy */ = {
			isa = PBXContainerItemProxy;
			containerPortal = 7F51E1B8236AF97700CDC350 /* Project object */;
			proxyType = 1;
			remoteGlobalIDString = 7F51E1BF236AF97700CDC350;
			remoteInfo = queue;
		};
		7F51E1E5236AF97B00CDC350 /* PBXContainerItemProxy */ = {
			isa = PBXContainerItemProxy;
			containerPortal = 7F51E1B8236AF97700CDC350 /* Project object */;
			proxyType = 1;
			remoteGlobalIDString = 7F51E1BF236AF97700CDC350;
			remoteInfo = queue;
		};
/* End PBXContainerItemProxy section */

/* Begin PBXFileReference section */
		7F51E1C0236AF97700CDC350 /* queue.app */ = {isa = PBXFileReference; explicitFileType = wrapper.application; includeInIndex = 0; path = queue.app; sourceTree = BUILT_PRODUCTS_DIR; };
		7F51E1C3236AF97700CDC350 /* AppDelegate.swift */ = {isa = PBXFileReference; lastKnownFileType = sourcecode.swift; path = AppDelegate.swift; sourceTree = "<group>"; };
		7F51E1C5236AF97700CDC350 /* SceneDelegate.swift */ = {isa = PBXFileReference; lastKnownFileType = sourcecode.swift; path = SceneDelegate.swift; sourceTree = "<group>"; };
		7F51E1C8236AF97700CDC350 /* queue.xcdatamodel */ = {isa = PBXFileReference; lastKnownFileType = wrapper.xcdatamodel; path = queue.xcdatamodel; sourceTree = "<group>"; };
		7F51E1CC236AF97B00CDC350 /* Assets.xcassets */ = {isa = PBXFileReference; lastKnownFileType = folder.assetcatalog; path = Assets.xcassets; sourceTree = "<group>"; };
		7F51E1CF236AF97B00CDC350 /* Preview Assets.xcassets */ = {isa = PBXFileReference; lastKnownFileType = folder.assetcatalog; path = "Preview Assets.xcassets"; sourceTree = "<group>"; };
		7F51E1D2236AF97B00CDC350 /* Base */ = {isa = PBXFileReference; lastKnownFileType = file.storyboard; name = Base; path = Base.lproj/LaunchScreen.storyboard; sourceTree = "<group>"; };
		7F51E1D4236AF97B00CDC350 /* Info.plist */ = {isa = PBXFileReference; lastKnownFileType = text.plist.xml; path = Info.plist; sourceTree = "<group>"; };
		7F51E1D9236AF97B00CDC350 /* queueTests.xctest */ = {isa = PBXFileReference; explicitFileType = wrapper.cfbundle; includeInIndex = 0; path = queueTests.xctest; sourceTree = BUILT_PRODUCTS_DIR; };
		7F51E1DD236AF97B00CDC350 /* queueTests.swift */ = {isa = PBXFileReference; lastKnownFileType = sourcecode.swift; path = queueTests.swift; sourceTree = "<group>"; };
		7F51E1DF236AF97B00CDC350 /* Info.plist */ = {isa = PBXFileReference; lastKnownFileType = text.plist.xml; path = Info.plist; sourceTree = "<group>"; };
		7F51E1E4236AF97B00CDC350 /* queueUITests.xctest */ = {isa = PBXFileReference; explicitFileType = wrapper.cfbundle; includeInIndex = 0; path = queueUITests.xctest; sourceTree = BUILT_PRODUCTS_DIR; };
		7F51E1E8236AF97B00CDC350 /* queueUITests.swift */ = {isa = PBXFileReference; lastKnownFileType = sourcecode.swift; path = queueUITests.swift; sourceTree = "<group>"; };
		7F51E1EA236AF97B00CDC350 /* Info.plist */ = {isa = PBXFileReference; lastKnownFileType = text.plist.xml; path = Info.plist; sourceTree = "<group>"; };
		7FFC3D1C236C2644006ECD5B /* MainTabController.swift */ = {isa = PBXFileReference; lastKnownFileType = sourcecode.swift; path = MainTabController.swift; sourceTree = "<group>"; };
		7FFC3D1E236C2700006ECD5B /* QueueView.swift */ = {isa = PBXFileReference; lastKnownFileType = sourcecode.swift; path = QueueView.swift; sourceTree = "<group>"; };
		7FFC3D20236C2BF7006ECD5B /* AccountView.swift */ = {isa = PBXFileReference; lastKnownFileType = sourcecode.swift; path = AccountView.swift; sourceTree = "<group>"; };
		7FFC3D22236C2C18006ECD5B /* BrowseView.swift */ = {isa = PBXFileReference; lastKnownFileType = sourcecode.swift; path = BrowseView.swift; sourceTree = "<group>"; };
		7FFC3D28236C39B6006ECD5B /* queue.entitlements */ = {isa = PBXFileReference; lastKnownFileType = text.plist.entitlements; path = queue.entitlements; sourceTree = "<group>"; };
/* End PBXFileReference section */

/* Begin PBXFrameworksBuildPhase section */
		7F51E1BD236AF97700CDC350 /* Frameworks */ = {
			isa = PBXFrameworksBuildPhase;
			buildActionMask = 2147483647;
			files = (
			);
			runOnlyForDeploymentPostprocessing = 0;
		};
		7F51E1D6236AF97B00CDC350 /* Frameworks */ = {
			isa = PBXFrameworksBuildPhase;
			buildActionMask = 2147483647;
			files = (
			);
			runOnlyForDeploymentPostprocessing = 0;
		};
		7F51E1E1236AF97B00CDC350 /* Frameworks */ = {
			isa = PBXFrameworksBuildPhase;
			buildActionMask = 2147483647;
			files = (
			);
			runOnlyForDeploymentPostprocessing = 0;
		};
/* End PBXFrameworksBuildPhase section */

/* Begin PBXGroup section */
		7F51E1B7236AF97700CDC350 = {
			isa = PBXGroup;
			children = (
				7F51E1C2236AF97700CDC350 /* queue */,
				7F51E1DC236AF97B00CDC350 /* queueTests */,
				7F51E1E7236AF97B00CDC350 /* queueUITests */,
				7F51E1C1236AF97700CDC350 /* Products */,
			);
			sourceTree = "<group>";
		};
		7F51E1C1236AF97700CDC350 /* Products */ = {
			isa = PBXGroup;
			children = (
				7F51E1C0236AF97700CDC350 /* queue.app */,
				7F51E1D9236AF97B00CDC350 /* queueTests.xctest */,
				7F51E1E4236AF97B00CDC350 /* queueUITests.xctest */,
			);
			name = Products;
			sourceTree = "<group>";
		};
		7F51E1C2236AF97700CDC350 /* queue */ = {
			isa = PBXGroup;
			children = (
				7FFC3D28236C39B6006ECD5B /* queue.entitlements */,
				7FFC3D25236C2CA8006ECD5B /* Views */,
				7FFC3D24236C2C8C006ECD5B /* Navigation */,
				7F51E1C3236AF97700CDC350 /* AppDelegate.swift */,
				7F51E1C5236AF97700CDC350 /* SceneDelegate.swift */,
				7F51E1CC236AF97B00CDC350 /* Assets.xcassets */,
				7F51E1D1236AF97B00CDC350 /* LaunchScreen.storyboard */,
				7F51E1D4236AF97B00CDC350 /* Info.plist */,
				7F51E1C7236AF97700CDC350 /* queue.xcdatamodeld */,
				7F51E1CE236AF97B00CDC350 /* Preview Content */,
			);
			path = queue;
			sourceTree = "<group>";
		};
		7F51E1CE236AF97B00CDC350 /* Preview Content */ = {
			isa = PBXGroup;
			children = (
				7F51E1CF236AF97B00CDC350 /* Preview Assets.xcassets */,
			);
			path = "Preview Content";
			sourceTree = "<group>";
		};
		7F51E1DC236AF97B00CDC350 /* queueTests */ = {
			isa = PBXGroup;
			children = (
				7F51E1DD236AF97B00CDC350 /* queueTests.swift */,
				7F51E1DF236AF97B00CDC350 /* Info.plist */,
			);
			path = queueTests;
			sourceTree = "<group>";
		};
		7F51E1E7236AF97B00CDC350 /* queueUITests */ = {
			isa = PBXGroup;
			children = (
				7F51E1E8236AF97B00CDC350 /* queueUITests.swift */,
				7F51E1EA236AF97B00CDC350 /* Info.plist */,
			);
			path = queueUITests;
			sourceTree = "<group>";
		};
		7FFC3D24236C2C8C006ECD5B /* Navigation */ = {
			isa = PBXGroup;
			children = (
				7FFC3D1C236C2644006ECD5B /* MainTabController.swift */,
			);
			path = Navigation;
			sourceTree = "<group>";
		};
		7FFC3D25236C2CA8006ECD5B /* Views */ = {
			isa = PBXGroup;
			children = (
				7FFC3D1E236C2700006ECD5B /* QueueView.swift */,
				7FFC3D20236C2BF7006ECD5B /* AccountView.swift */,
				7FFC3D22236C2C18006ECD5B /* BrowseView.swift */,
			);
			path = Views;
			sourceTree = "<group>";
		};
/* End PBXGroup section */

/* Begin PBXNativeTarget section */
		7F51E1BF236AF97700CDC350 /* queue */ = {
			isa = PBXNativeTarget;
			buildConfigurationList = 7F51E1ED236AF97B00CDC350 /* Build configuration list for PBXNativeTarget "queue" */;
			buildPhases = (
				7F51E1BC236AF97700CDC350 /* Sources */,
				7F51E1BD236AF97700CDC350 /* Frameworks */,
				7F51E1BE236AF97700CDC350 /* Resources */,
			);
			buildRules = (
			);
			dependencies = (
			);
			name = queue;
			productName = queue;
			productReference = 7F51E1C0236AF97700CDC350 /* queue.app */;
			productType = "com.apple.product-type.application";
		};
		7F51E1D8236AF97B00CDC350 /* queueTests */ = {
			isa = PBXNativeTarget;
			buildConfigurationList = 7F51E1F0236AF97B00CDC350 /* Build configuration list for PBXNativeTarget "queueTests" */;
			buildPhases = (
				7F51E1D5236AF97B00CDC350 /* Sources */,
				7F51E1D6236AF97B00CDC350 /* Frameworks */,
				7F51E1D7236AF97B00CDC350 /* Resources */,
			);
			buildRules = (
			);
			dependencies = (
				7F51E1DB236AF97B00CDC350 /* PBXTargetDependency */,
			);
			name = queueTests;
			productName = queueTests;
			productReference = 7F51E1D9236AF97B00CDC350 /* queueTests.xctest */;
			productType = "com.apple.product-type.bundle.unit-test";
		};
		7F51E1E3236AF97B00CDC350 /* queueUITests */ = {
			isa = PBXNativeTarget;
			buildConfigurationList = 7F51E1F3236AF97B00CDC350 /* Build configuration list for PBXNativeTarget "queueUITests" */;
			buildPhases = (
				7F51E1E0236AF97B00CDC350 /* Sources */,
				7F51E1E1236AF97B00CDC350 /* Frameworks */,
				7F51E1E2236AF97B00CDC350 /* Resources */,
			);
			buildRules = (
			);
			dependencies = (
				7F51E1E6236AF97B00CDC350 /* PBXTargetDependency */,
			);
			name = queueUITests;
			productName = queueUITests;
			productReference = 7F51E1E4236AF97B00CDC350 /* queueUITests.xctest */;
			productType = "com.apple.product-type.bundle.ui-testing";
		};
/* End PBXNativeTarget section */

/* Begin PBXProject section */
		7F51E1B8236AF97700CDC350 /* Project object */ = {
			isa = PBXProject;
			attributes = {
				LastSwiftUpdateCheck = 1110;
				LastUpgradeCheck = 1110;
				ORGANIZATIONNAME = ridolud;
				TargetAttributes = {
					7F51E1BF236AF97700CDC350 = {
						CreatedOnToolsVersion = 11.1;
					};
					7F51E1D8236AF97B00CDC350 = {
						CreatedOnToolsVersion = 11.1;
						TestTargetID = 7F51E1BF236AF97700CDC350;
					};
					7F51E1E3236AF97B00CDC350 = {
						CreatedOnToolsVersion = 11.1;
						TestTargetID = 7F51E1BF236AF97700CDC350;
					};
				};
			};
			buildConfigurationList = 7F51E1BB236AF97700CDC350 /* Build configuration list for PBXProject "queue" */;
			compatibilityVersion = "Xcode 9.3";
			developmentRegion = en;
			hasScannedForEncodings = 0;
			knownRegions = (
				en,
				Base,
			);
			mainGroup = 7F51E1B7236AF97700CDC350;
			productRefGroup = 7F51E1C1236AF97700CDC350 /* Products */;
			projectDirPath = "";
			projectRoot = "";
			targets = (
				7F51E1BF236AF97700CDC350 /* queue */,
				7F51E1D8236AF97B00CDC350 /* queueTests */,
				7F51E1E3236AF97B00CDC350 /* queueUITests */,
			);
		};
/* End PBXProject section */

/* Begin PBXResourcesBuildPhase section */
		7F51E1BE236AF97700CDC350 /* Resources */ = {
			isa = PBXResourcesBuildPhase;
			buildActionMask = 2147483647;
			files = (
				7F51E1D3236AF97B00CDC350 /* LaunchScreen.storyboard in Resources */,
				7F51E1D0236AF97B00CDC350 /* Preview Assets.xcassets in Resources */,
				7F51E1CD236AF97B00CDC350 /* Assets.xcassets in Resources */,
			);
			runOnlyForDeploymentPostprocessing = 0;
		};
		7F51E1D7236AF97B00CDC350 /* Resources */ = {
			isa = PBXResourcesBuildPhase;
			buildActionMask = 2147483647;
			files = (
			);
			runOnlyForDeploymentPostprocessing = 0;
		};
		7F51E1E2236AF97B00CDC350 /* Resources */ = {
			isa = PBXResourcesBuildPhase;
			buildActionMask = 2147483647;
			files = (
			);
			runOnlyForDeploymentPostprocessing = 0;
		};
/* End PBXResourcesBuildPhase section */

/* Begin PBXSourcesBuildPhase section */
		7F51E1BC236AF97700CDC350 /* Sources */ = {
			isa = PBXSourcesBuildPhase;
			buildActionMask = 2147483647;
			files = (
				7FFC3D23236C2C18006ECD5B /* BrowseView.swift in Sources */,
				7F51E1C9236AF97700CDC350 /* queue.xcdatamodeld in Sources */,
				7F51E1C4236AF97700CDC350 /* AppDelegate.swift in Sources */,
				7FFC3D1D236C2644006ECD5B /* MainTabController.swift in Sources */,
				7FFC3D21236C2BF7006ECD5B /* AccountView.swift in Sources */,
				7FFC3D1F236C2700006ECD5B /* QueueView.swift in Sources */,
				7F51E1C6236AF97700CDC350 /* SceneDelegate.swift in Sources */,
			);
			runOnlyForDeploymentPostprocessing = 0;
		};
		7F51E1D5236AF97B00CDC350 /* Sources */ = {
			isa = PBXSourcesBuildPhase;
			buildActionMask = 2147483647;
			files = (
				7F51E1DE236AF97B00CDC350 /* queueTests.swift in Sources */,
			);
			runOnlyForDeploymentPostprocessing = 0;
		};
		7F51E1E0236AF97B00CDC350 /* Sources */ = {
			isa = PBXSourcesBuildPhase;
			buildActionMask = 2147483647;
			files = (
				7F51E1E9236AF97B00CDC350 /* queueUITests.swift in Sources */,
			);
			runOnlyForDeploymentPostprocessing = 0;
		};
/* End PBXSourcesBuildPhase section */

/* Begin PBXTargetDependency section */
		7F51E1DB236AF97B00CDC350 /* PBXTargetDependency */ = {
			isa = PBXTargetDependency;
			target = 7F51E1BF236AF97700CDC350 /* queue */;
			targetProxy = 7F51E1DA236AF97B00CDC350 /* PBXContainerItemProxy */;
		};
		7F51E1E6236AF97B00CDC350 /* PBXTargetDependency */ = {
			isa = PBXTargetDependency;
			target = 7F51E1BF236AF97700CDC350 /* queue */;
			targetProxy = 7F51E1E5236AF97B00CDC350 /* PBXContainerItemProxy */;
		};
/* End PBXTargetDependency section */

/* Begin PBXVariantGroup section */
		7F51E1D1236AF97B00CDC350 /* LaunchScreen.storyboard */ = {
			isa = PBXVariantGroup;
			children = (
				7F51E1D2236AF97B00CDC350 /* Base */,
			);
			name = LaunchScreen.storyboard;
			sourceTree = "<group>";
		};
/* End PBXVariantGroup section */

/* Begin XCBuildConfiguration section */
		7F51E1EB236AF97B00CDC350 /* Debug */ = {
			isa = XCBuildConfiguration;
			buildSettings = {
				ALWAYS_SEARCH_USER_PATHS = NO;
				CLANG_ANALYZER_NONNULL = YES;
				CLANG_ANALYZER_NUMBER_OBJECT_CONVERSION = YES_AGGRESSIVE;
				CLANG_CXX_LANGUAGE_STANDARD = "gnu++14";
				CLANG_CXX_LIBRARY = "libc++";
				CLANG_ENABLE_MODULES = YES;
				CLANG_ENABLE_OBJC_ARC = YES;
				CLANG_ENABLE_OBJC_WEAK = YES;
				CLANG_WARN_BLOCK_CAPTURE_AUTORELEASING = YES;
				CLANG_WARN_BOOL_CONVERSION = YES;
				CLANG_WARN_COMMA = YES;
				CLANG_WARN_CONSTANT_CONVERSION = YES;
				CLANG_WARN_DEPRECATED_OBJC_IMPLEMENTATIONS = YES;
				CLANG_WARN_DIRECT_OBJC_ISA_USAGE = YES_ERROR;
				CLANG_WARN_DOCUMENTATION_COMMENTS = YES;
				CLANG_WARN_EMPTY_BODY = YES;
				CLANG_WARN_ENUM_CONVERSION = YES;
				CLANG_WARN_INFINITE_RECURSION = YES;
				CLANG_WARN_INT_CONVERSION = YES;
				CLANG_WARN_NON_LITERAL_NULL_CONVERSION = YES;
				CLANG_WARN_OBJC_IMPLICIT_RETAIN_SELF = YES;
				CLANG_WARN_OBJC_LITERAL_CONVERSION = YES;
				CLANG_WARN_OBJC_ROOT_CLASS = YES_ERROR;
				CLANG_WARN_RANGE_LOOP_ANALYSIS = YES;
				CLANG_WARN_STRICT_PROTOTYPES = YES;
				CLANG_WARN_SUSPICIOUS_MOVE = YES;
				CLANG_WARN_UNGUARDED_AVAILABILITY = YES_AGGRESSIVE;
				CLANG_WARN_UNREACHABLE_CODE = YES;
				CLANG_WARN__DUPLICATE_METHOD_MATCH = YES;
				COPY_PHASE_STRIP = NO;
				DEBUG_INFORMATION_FORMAT = dwarf;
				ENABLE_STRICT_OBJC_MSGSEND = YES;
				ENABLE_TESTABILITY = YES;
				GCC_C_LANGUAGE_STANDARD = gnu11;
				GCC_DYNAMIC_NO_PIC = NO;
				GCC_NO_COMMON_BLOCKS = YES;
				GCC_OPTIMIZATION_LEVEL = 0;
				GCC_PREPROCESSOR_DEFINITIONS = (
					"DEBUG=1",
					"$(inherited)",
				);
				GCC_WARN_64_TO_32_BIT_CONVERSION = YES;
				GCC_WARN_ABOUT_RETURN_TYPE = YES_ERROR;
				GCC_WARN_UNDECLARED_SELECTOR = YES;
				GCC_WARN_UNINITIALIZED_AUTOS = YES_AGGRESSIVE;
				GCC_WARN_UNUSED_FUNCTION = YES;
				GCC_WARN_UNUSED_VARIABLE = YES;
				IPHONEOS_DEPLOYMENT_TARGET = 13.1;
				MTL_ENABLE_DEBUG_INFO = INCLUDE_SOURCE;
				MTL_FAST_MATH = YES;
				ONLY_ACTIVE_ARCH = YES;
				SDKROOT = iphoneos;
				SWIFT_ACTIVE_COMPILATION_CONDITIONS = DEBUG;
				SWIFT_OPTIMIZATION_LEVEL = "-Onone";
			};
			name = Debug;
		};
		7F51E1EC236AF97B00CDC350 /* Release */ = {
			isa = XCBuildConfiguration;
			buildSettings = {
				ALWAYS_SEARCH_USER_PATHS = NO;
				CLANG_ANALYZER_NONNULL = YES;
				CLANG_ANALYZER_NUMBER_OBJECT_CONVERSION = YES_AGGRESSIVE;
				CLANG_CXX_LANGUAGE_STANDARD = "gnu++14";
				CLANG_CXX_LIBRARY = "libc++";
				CLANG_ENABLE_MODULES = YES;
				CLANG_ENABLE_OBJC_ARC = YES;
				CLANG_ENABLE_OBJC_WEAK = YES;
				CLANG_WARN_BLOCK_CAPTURE_AUTORELEASING = YES;
				CLANG_WARN_BOOL_CONVERSION = YES;
				CLANG_WARN_COMMA = YES;
				CLANG_WARN_CONSTANT_CONVERSION = YES;
				CLANG_WARN_DEPRECATED_OBJC_IMPLEMENTATIONS = YES;
				CLANG_WARN_DIRECT_OBJC_ISA_USAGE = YES_ERROR;
				CLANG_WARN_DOCUMENTATION_COMMENTS = YES;
				CLANG_WARN_EMPTY_BODY = YES;
				CLANG_WARN_ENUM_CONVERSION = YES;
				CLANG_WARN_INFINITE_RECURSION = YES;
				CLANG_WARN_INT_CONVERSION = YES;
				CLANG_WARN_NON_LITERAL_NULL_CONVERSION = YES;
				CLANG_WARN_OBJC_IMPLICIT_RETAIN_SELF = YES;
				CLANG_WARN_OBJC_LITERAL_CONVERSION = YES;
				CLANG_WARN_OBJC_ROOT_CLASS = YES_ERROR;
				CLANG_WARN_RANGE_LOOP_ANALYSIS = YES;
				CLANG_WARN_STRICT_PROTOTYPES = YES;
				CLANG_WARN_SUSPICIOUS_MOVE = YES;
				CLANG_WARN_UNGUARDED_AVAILABILITY = YES_AGGRESSIVE;
				CLANG_WARN_UNREACHABLE_CODE = YES;
				CLANG_WARN__DUPLICATE_METHOD_MATCH = YES;
				COPY_PHASE_STRIP = NO;
				DEBUG_INFORMATION_FORMAT = "dwarf-with-dsym";
				ENABLE_NS_ASSERTIONS = NO;
				ENABLE_STRICT_OBJC_MSGSEND = YES;
				GCC_C_LANGUAGE_STANDARD = gnu11;
				GCC_NO_COMMON_BLOCKS = YES;
				GCC_WARN_64_TO_32_BIT_CONVERSION = YES;
				GCC_WARN_ABOUT_RETURN_TYPE = YES_ERROR;
				GCC_WARN_UNDECLARED_SELECTOR = YES;
				GCC_WARN_UNINITIALIZED_AUTOS = YES_AGGRESSIVE;
				GCC_WARN_UNUSED_FUNCTION = YES;
				GCC_WARN_UNUSED_VARIABLE = YES;
				IPHONEOS_DEPLOYMENT_TARGET = 13.1;
				MTL_ENABLE_DEBUG_INFO = NO;
				MTL_FAST_MATH = YES;
				SDKROOT = iphoneos;
				SWIFT_COMPILATION_MODE = wholemodule;
				SWIFT_OPTIMIZATION_LEVEL = "-O";
				VALIDATE_PRODUCT = YES;
			};
			name = Release;
		};
		7F51E1EE236AF97B00CDC350 /* Debug */ = {
			isa = XCBuildConfiguration;
			buildSettings = {
				ASSETCATALOG_COMPILER_APPICON_NAME = AppIcon;
				CODE_SIGN_ENTITLEMENTS = queue/queue.entitlements;
				CODE_SIGN_STYLE = Automatic;
				DEVELOPMENT_ASSET_PATHS = "\"queue/Preview Content\"";
				DEVELOPMENT_TEAM = UUHXR699G4;
				ENABLE_PREVIEWS = YES;
				INFOPLIST_FILE = queue/Info.plist;
				LD_RUNPATH_SEARCH_PATHS = (
					"$(inherited)",
					"@executable_path/Frameworks",
				);
				PRODUCT_BUNDLE_IDENTIFIER = com.ridolud.queue;
				PRODUCT_NAME = "$(TARGET_NAME)";
				SWIFT_VERSION = 5.0;
				TARGETED_DEVICE_FAMILY = "1,2";
			};
			name = Debug;
		};
		7F51E1EF236AF97B00CDC350 /* Release */ = {
			isa = XCBuildConfiguration;
			buildSettings = {
				ASSETCATALOG_COMPILER_APPICON_NAME = AppIcon;
				CODE_SIGN_ENTITLEMENTS = queue/queue.entitlements;
				CODE_SIGN_STYLE = Automatic;
				DEVELOPMENT_ASSET_PATHS = "\"queue/Preview Content\"";
				DEVELOPMENT_TEAM = UUHXR699G4;
				ENABLE_PREVIEWS = YES;
				INFOPLIST_FILE = queue/Info.plist;
				LD_RUNPATH_SEARCH_PATHS = (
					"$(inherited)",
					"@executable_path/Frameworks",
				);
				PRODUCT_BUNDLE_IDENTIFIER = com.ridolud.queue;
				PRODUCT_NAME = "$(TARGET_NAME)";
				SWIFT_VERSION = 5.0;
				TARGETED_DEVICE_FAMILY = "1,2";
			};
			name = Release;
		};
		7F51E1F1236AF97B00CDC350 /* Debug */ = {
			isa = XCBuildConfiguration;
			buildSettings = {
				ALWAYS_EMBED_SWIFT_STANDARD_LIBRARIES = YES;
				BUNDLE_LOADER = "$(TEST_HOST)";
				CODE_SIGN_STYLE = Automatic;
				DEVELOPMENT_TEAM = UUHXR699G4;
				INFOPLIST_FILE = queueTests/Info.plist;
				IPHONEOS_DEPLOYMENT_TARGET = 13.1;
				LD_RUNPATH_SEARCH_PATHS = (
					"$(inherited)",
					"@executable_path/Frameworks",
					"@loader_path/Frameworks",
				);
				PRODUCT_BUNDLE_IDENTIFIER = com.ridolud.queueTests;
				PRODUCT_NAME = "$(TARGET_NAME)";
				SWIFT_VERSION = 5.0;
				TARGETED_DEVICE_FAMILY = "1,2";
				TEST_HOST = "$(BUILT_PRODUCTS_DIR)/queue.app/queue";
			};
			name = Debug;
		};
		7F51E1F2236AF97B00CDC350 /* Release */ = {
			isa = XCBuildConfiguration;
			buildSettings = {
				ALWAYS_EMBED_SWIFT_STANDARD_LIBRARIES = YES;
				BUNDLE_LOADER = "$(TEST_HOST)";
				CODE_SIGN_STYLE = Automatic;
				DEVELOPMENT_TEAM = UUHXR699G4;
				INFOPLIST_FILE = queueTests/Info.plist;
				IPHONEOS_DEPLOYMENT_TARGET = 13.1;
				LD_RUNPATH_SEARCH_PATHS = (
					"$(inherited)",
					"@executable_path/Frameworks",
					"@loader_path/Frameworks",
				);
				PRODUCT_BUNDLE_IDENTIFIER = com.ridolud.queueTests;
				PRODUCT_NAME = "$(TARGET_NAME)";
				SWIFT_VERSION = 5.0;
				TARGETED_DEVICE_FAMILY = "1,2";
				TEST_HOST = "$(BUILT_PRODUCTS_DIR)/queue.app/queue";
			};
			name = Release;
		};
		7F51E1F4236AF97B00CDC350 /* Debug */ = {
			isa = XCBuildConfiguration;
			buildSettings = {
				ALWAYS_EMBED_SWIFT_STANDARD_LIBRARIES = YES;
				CODE_SIGN_STYLE = Automatic;
				DEVELOPMENT_TEAM = UUHXR699G4;
				INFOPLIST_FILE = queueUITests/Info.plist;
				LD_RUNPATH_SEARCH_PATHS = (
					"$(inherited)",
					"@executable_path/Frameworks",
					"@loader_path/Frameworks",
				);
				PRODUCT_BUNDLE_IDENTIFIER = com.ridolud.queueUITests;
				PRODUCT_NAME = "$(TARGET_NAME)";
				SWIFT_VERSION = 5.0;
				TARGETED_DEVICE_FAMILY = "1,2";
				TEST_TARGET_NAME = queue;
			};
			name = Debug;
		};
		7F51E1F5236AF97B00CDC350 /* Release */ = {
			isa = XCBuildConfiguration;
			buildSettings = {
				ALWAYS_EMBED_SWIFT_STANDARD_LIBRARIES = YES;
				CODE_SIGN_STYLE = Automatic;
				DEVELOPMENT_TEAM = UUHXR699G4;
				INFOPLIST_FILE = queueUITests/Info.plist;
				LD_RUNPATH_SEARCH_PATHS = (
					"$(inherited)",
					"@executable_path/Frameworks",
					"@loader_path/Frameworks",
				);
				PRODUCT_BUNDLE_IDENTIFIER = com.ridolud.queueUITests;
				PRODUCT_NAME = "$(TARGET_NAME)";
				SWIFT_VERSION = 5.0;
				TARGETED_DEVICE_FAMILY = "1,2";
				TEST_TARGET_NAME = queue;
			};
			name = Release;
		};
/* End XCBuildConfiguration section */

/* Begin XCConfigurationList section */
		7F51E1BB236AF97700CDC350 /* Build configuration list for PBXProject "queue" */ = {
			isa = XCConfigurationList;
			buildConfigurations = (
				7F51E1EB236AF97B00CDC350 /* Debug */,
				7F51E1EC236AF97B00CDC350 /* Release */,
			);
			defaultConfigurationIsVisible = 0;
			defaultConfigurationName = Release;
		};
		7F51E1ED236AF97B00CDC350 /* Build configuration list for PBXNativeTarget "queue" */ = {
			isa = XCConfigurationList;
			buildConfigurations = (
				7F51E1EE236AF97B00CDC350 /* Debug */,
				7F51E1EF236AF97B00CDC350 /* Release */,
			);
			defaultConfigurationIsVisible = 0;
			defaultConfigurationName = Release;
		};
		7F51E1F0236AF97B00CDC350 /* Build configuration list for PBXNativeTarget "queueTests" */ = {
			isa = XCConfigurationList;
			buildConfigurations = (
				7F51E1F1236AF97B00CDC350 /* Debug */,
				7F51E1F2236AF97B00CDC350 /* Release */,
			);
			defaultConfigurationIsVisible = 0;
			defaultConfigurationName = Release;
		};
		7F51E1F3236AF97B00CDC350 /* Build configuration list for PBXNativeTarget "queueUITests" */ = {
			isa = XCConfigurationList;
			buildConfigurations = (
				7F51E1F4236AF97B00CDC350 /* Debug */,
				7F51E1F5236AF97B00CDC350 /* Release */,
			);
			defaultConfigurationIsVisible = 0;
			defaultConfigurationName = Release;
		};
/* End XCConfigurationList section */

/* Begin XCVersionGroup section */
		7F51E1C7236AF97700CDC350 /* queue.xcdatamodeld */ = {
			isa = XCVersionGroup;
			children = (
				7F51E1C8236AF97700CDC350 /* queue.xcdatamodel */,
			);
			currentVersion = 7F51E1C8236AF97700CDC350 /* queue.xcdatamodel */;
			path = queue.xcdatamodeld;
			sourceTree = "<group>";
			versionGroupType = wrapper.xcdatamodel;
		};
/* End XCVersionGroup section */
	};
	rootObject = 7F51E1B8236AF97700CDC350 /* Project object */;
}
